
Microsoft Visual Studio Solution File, Format Version 12.00
# Visual Studio Version 17
VisualStudioVersion = 17.2.32630.192
MinimumVisualStudioVersion = 10.0.40219.1
Project("{9A19103F-16F7-4668-BE54-9A1E7A4F7556}") = "02ASP_EF_OneToMany", "02ASP_EF_OneToMany\02ASP_EF_OneToMany.csproj", "{88D89B95-9386-4ADC-986E-A78AD09B1434}"
EndProject
Global
	GlobalSection(SolutionConfigurationPlatforms) = preSolution
		Debug|Any CPU = Debug|Any CPU
		Release|Any CPU = Release|Any CPU
	EndGlobalSection
	GlobalSection(ProjectConfigurationPlatforms) = postSolution
		{88D89B95-9386-4ADC-986E-A78AD09B1434}.Debug|Any CPU.ActiveCfg = Debug|Any CPU
		{88D89B95-9386-4ADC-986E-A78AD09B1434}.Debug|Any CPU.Build.0 = Debug|Any CPU
		{88D89B95-9386-4ADC-986E-A78AD09B1434}.Release|Any CPU.ActiveCfg = Release|Any CPU
		{88D89B95-9386-4ADC-986E-A78AD09B1434}.Release|Any CPU.Build.0 = Release|Any CPU
	EndGlobalSection
	GlobalSection(SolutionProperties) = preSolution
		HideSolutionNode = FALSE
	EndGlobalSection
	GlobalSection(ExtensibilityGlobals) = postSolution
		SolutionGuid = {57C6FFE8-8C16-4FC6-997A-F526414ED457}
	EndGlobalSection
EndGlobal
